
Microsoft Visual Studio Solution File, Format Version 12.00
# Visual Studio Version 17
VisualStudioVersion = 17.1.32210.238
MinimumVisualStudioVersion = 10.0.40219.1
Project("{FAE04EC0-301F-11D3-BF4B-00C04F79EFBC}") = "practiceweb", "practiceweb\practiceweb.csproj", "{814FD3BF-A9C0-4425-A0BC-0966EFEEDA51}"
EndProject
Global
	GlobalSection(SolutionConfigurationPlatforms) = preSolution
		Debug|Any CPU = Debug|Any CPU
		Release|Any CPU = Release|Any CPU
	EndGlobalSection
	GlobalSection(ProjectConfigurationPlatforms) = postSolution
		{814FD3BF-A9C0-4425-A0BC-0966EFEEDA51}.Debug|Any CPU.ActiveCfg = Debug|Any CPU
		{814FD3BF-A9C0-4425-A0BC-0966EFEEDA51}.Debug|Any CPU.Build.0 = Debug|Any CPU
		{814FD3BF-A9C0-4425-A0BC-0966EFEEDA51}.Release|Any CPU.ActiveCfg = Release|Any CPU
		{814FD3BF-A9C0-4425-A0BC-0966EFEEDA51}.Release|Any CPU.Build.0 = Release|Any CPU
	EndGlobalSection
	GlobalSection(SolutionProperties) = preSolution
		HideSolutionNode = FALSE
	EndGlobalSection
	GlobalSection(ExtensibilityGlobals) = postSolution
		SolutionGuid = {4DEADACF-83B2-422D-B262-F76186F58A91}
	EndGlobalSection
EndGlobal
